{
  "name": "inventables-lambda-backend",
  "version": "0.0.1",
  "lockfileVersion": 1,
  "requires": true,
  "dependencies": {
    "busboy": {
      "version": "0.3.1",
      "resolved": "https://registry.npmjs.org/busboy/-/busboy-0.3.1.tgz",
      "integrity": "sha512-y7tTxhGKXcyBxRKAni+awqx8uqaJKrSFSNFSeRG5CsWNdmy2BIK+6VGWEW7TZnIO/533mtMEA4rOevQV815YJw==",
      "requires": {
        "dicer": "0.3.0"
      }
    },
    "commander": {
      "version": "2.20.3",
      "resolved": "https://registry.npmjs.org/commander/-/commander-2.20.3.tgz",
      "integrity": "sha512-GpVkmM8vF2vQUkj2LvZmD35JxeJOLCwJ9cUkugyk2nuhbv3+mJvpLYYt+0+USMxE+oj+ey/lJEnhZw75x/OMcQ=="
    },
    "dicer": {
      "version": "0.3.0",
      "resolved": "https://registry.npmjs.org/dicer/-/dicer-0.3.0.tgz",
      "integrity": "sha512-MdceRRWqltEG2dZqO769g27N/3PXfcKl04VhYnBlo2YhH7zPi88VebsjTKclaOyiuMaGU72hTfw3VkUitGcVCA==",
      "requires": {
        "streamsearch": "0.1.2"
      }
    },
    "dxf": {
      "version": "3.6.0",
      "resolved": "https://registry.npmjs.org/dxf/-/dxf-3.6.0.tgz",
      "integrity": "sha512-1j1laH1vjJGrmBhLNy1/no06XxEDkY6vZOdEp6pwQ/25LdKEKCZcSoWbUgiFtmWesQDjx0QX9ShPQ8pFwKB3rg==",
      "requires": {
        "commander": "^2.17.1",
        "lodash.clonedeep": "^4.5.0",
        "pretty-data": "^0.40.0",
        "round10": "^1.0.3",
        "vecks": "^3.7.2"
      }
    },
    "lodash.clonedeep": {
      "version": "4.5.0",
      "resolved": "https://registry.npmjs.org/lodash.clonedeep/-/lodash.clonedeep-4.5.0.tgz",
      "integrity": "sha1-4j8/nE+Pvd6HJSnBBxhXoIblzO8="
    },
    "pretty-data": {
      "version": "0.40.0",
      "resolved": "https://registry.npmjs.org/pretty-data/-/pretty-data-0.40.0.tgz",
      "integrity": "sha1-Vyqo6iNGdGerlLa1Jmpv2cj93XI="
    },
    "round10": {
      "version": "1.0.3",
      "resolved": "https://registry.npmjs.org/round10/-/round10-1.0.3.tgz",
      "integrity": "sha1-hhEPRqEIdKGTHaf91eBtGFeo5NA="
    },
    "streamsearch": {
      "version": "0.1.2",
      "resolved": "https://registry.npmjs.org/streamsearch/-/streamsearch-0.1.2.tgz",
      "integrity": "sha1-gIudDlb8Jz2Am6VzOOkpkZoanxo="
    },
    "vecks": {
      "version": "3.9.0",
      "resolved": "https://registry.npmjs.org/vecks/-/vecks-3.9.0.tgz",
      "integrity": "sha512-ZHdBNUsVyi2jTXtGLNXi+knGqNUdL4qOLiXRfroOJ64Ho/402Ky0QTAk8C/c0jqz4VfxdzGfgmjS+P7ie8JoNA=="
    }
  }
}
